// !$*UTF8*$!
{
	archiveVersion = 1;
	classes = {
	};
	objectVersion = 48;
	objects = {

/* Begin PBXBuildFile section */
		4CB610A91FBC768F00E69C6E /* AppDelegate.m in Sources */ = {isa = PBXBuildFile; fileRef = 4CB610A81FBC768F00E69C6E /* AppDelegate.m */; };
		4CB610AC1FBC768F00E69C6E /* HomeViewController.m in Sources */ = {isa = PBXBuildFile; fileRef = 4CB610AB1FBC768F00E69C6E /* HomeViewController.m */; };
		4CB610AF1FBC768F00E69C6E /* Main.storyboard in Resources */ = {isa = PBXBuildFile; fileRef = 4CB610AD1FBC768F00E69C6E /* Main.storyboard */; };
		4CB610B11FBC768F00E69C6E /* Assets.xcassets in Resources */ = {isa = PBXBuildFile; fileRef = 4CB610B01FBC768F00E69C6E /* Assets.xcassets */; };
		4CB610B41FBC768F00E69C6E /* LaunchScreen.storyboard in Resources */ = {isa = PBXBuildFile; fileRef = 4CB610B21FBC768F00E69C6E /* LaunchScreen.storyboard */; };
		4CB610B71FBC768F00E69C6E /* main.m in Sources */ = {isa = PBXBuildFile; fileRef = 4CB610B61FBC768F00E69C6E /* main.m */; };
		4CB610D51FBC7AEA00E69C6E /* BaseViewController.m in Sources */ = {isa = PBXBuildFile; fileRef = 4CB610D41FBC7AEA00E69C6E /* BaseViewController.m */; };
		4CB610DB1FBC8A9100E69C6E /* KegelViewController.m in Sources */ = {isa = PBXBuildFile; fileRef = 4CB610D91FBC8A9100E69C6E /* KegelViewController.m */; };
		4CB610DC1FBC8A9100E69C6E /* KegelViewController.xib in Resources */ = {isa = PBXBuildFile; fileRef = 4CB610DA1FBC8A9100E69C6E /* KegelViewController.xib */; };
		4CB610E41FBC8BC000E69C6E /* CustomBar.m in Sources */ = {isa = PBXBuildFile; fileRef = 4CB610DF1FBC8BC000E69C6E /* CustomBar.m */; };
		4CB610E51FBC8BC000E69C6E /* CustomTabBar.m in Sources */ = {isa = PBXBuildFile; fileRef = 4CB610E11FBC8BC000E69C6E /* CustomTabBar.m */; };
		4CB610E61FBC8BC000E69C6E /* JHTickerView.m in Sources */ = {isa = PBXBuildFile; fileRef = 4CB610E31FBC8BC000E69C6E /* JHTickerView.m */; };
		4CB610EA1FBC8CC400E69C6E /* SDiPhoneVersion.m in Sources */ = {isa = PBXBuildFile; fileRef = 4CB610E91FBC8CC300E69C6E /* SDiPhoneVersion.m */; };
		4CB610EE1FBC8D5900E69C6E /* ConstManager.m in Sources */ = {isa = PBXBuildFile; fileRef = 4CB610EC1FBC8D5800E69C6E /* ConstManager.m */; };
		4CB610F11FBC8E4B00E69C6E /* NSString+PKBSize.m in Sources */ = {isa = PBXBuildFile; fileRef = 4CB610EF1FBC8E4B00E69C6E /* NSString+PKBSize.m */; };
		4CB610F41FBC903C00E69C6E /* NDNavigationController.m in Sources */ = {isa = PBXBuildFile; fileRef = 4CB610F21FBC903C00E69C6E /* NDNavigationController.m */; };
/* End PBXBuildFile section */

/* Begin PBXFileReference section */
		4CB610A41FBC768F00E69C6E /* NDInstrument.app */ = {isa = PBXFileReference; explicitFileType = wrapper.application; includeInIndex = 0; path = NDInstrument.app; sourceTree = BUILT_PRODUCTS_DIR; };
		4CB610A71FBC768F00E69C6E /* AppDelegate.h */ = {isa = PBXFileReference; lastKnownFileType = sourcecode.c.h; path = AppDelegate.h; sourceTree = "<group>"; };
		4CB610A81FBC768F00E69C6E /* AppDelegate.m */ = {isa = PBXFileReference; lastKnownFileType = sourcecode.c.objc; path = AppDelegate.m; sourceTree = "<group>"; };
		4CB610AA1FBC768F00E69C6E /* HomeViewController.h */ = {isa = PBXFileReference; lastKnownFileType = sourcecode.c.h; path = HomeViewController.h; sourceTree = "<group>"; };
		4CB610AB1FBC768F00E69C6E /* HomeViewController.m */ = {isa = PBXFileReference; lastKnownFileType = sourcecode.c.objc; path = HomeViewController.m; sourceTree = "<group>"; };
		4CB610AE1FBC768F00E69C6E /* Base */ = {isa = PBXFileReference; lastKnownFileType = file.storyboard; name = Base; path = Base.lproj/Main.storyboard; sourceTree = "<group>"; };
		4CB610B01FBC768F00E69C6E /* Assets.xcassets */ = {isa = PBXFileReference; lastKnownFileType = folder.assetcatalog; path = Assets.xcassets; sourceTree = "<group>"; };
		4CB610B31FBC768F00E69C6E /* Base */ = {isa = PBXFileReference; lastKnownFileType = file.storyboard; name = Base; path = Base.lproj/LaunchScreen.storyboard; sourceTree = "<group>"; };
		4CB610B51FBC768F00E69C6E /* Info.plist */ = {isa = PBXFileReference; lastKnownFileType = text.plist.xml; path = Info.plist; sourceTree = "<group>"; };
		4CB610B61FBC768F00E69C6E /* main.m */ = {isa = PBXFileReference; lastKnownFileType = sourcecode.c.objc; path = main.m; sourceTree = "<group>"; };
		4CB610D31FBC7AEA00E69C6E /* BaseViewController.h */ = {isa = PBXFileReference; lastKnownFileType = sourcecode.c.h; path = BaseViewController.h; sourceTree = "<group>"; };
		4CB610D41FBC7AEA00E69C6E /* BaseViewController.m */ = {isa = PBXFileReference; lastKnownFileType = sourcecode.c.objc; path = BaseViewController.m; sourceTree = "<group>"; };
		4CB610D71FBC892E00E69C6E /* PrefixHeader.pch */ = {isa = PBXFileReference; lastKnownFileType = sourcecode.c.h; path = PrefixHeader.pch; sourceTree = "<group>"; };
		4CB610D81FBC8A9100E69C6E /* KegelViewController.h */ = {isa = PBXFileReference; lastKnownFileType = sourcecode.c.h; path = KegelViewController.h; sourceTree = "<group>"; };
		4CB610D91FBC8A9100E69C6E /* KegelViewController.m */ = {isa = PBXFileReference; lastKnownFileType = sourcecode.c.objc; path = KegelViewController.m; sourceTree = "<group>"; };
		4CB610DA1FBC8A9100E69C6E /* KegelViewController.xib */ = {isa = PBXFileReference; lastKnownFileType = file.xib; path = KegelViewController.xib; sourceTree = "<group>"; };
		4CB610DE1FBC8BC000E69C6E /* CustomBar.h */ = {isa = PBXFileReference; fileEncoding = 4; lastKnownFileType = sourcecode.c.h; path = CustomBar.h; sourceTree = "<group>"; };
		4CB610DF1FBC8BC000E69C6E /* CustomBar.m */ = {isa = PBXFileReference; fileEncoding = 4; lastKnownFileType = sourcecode.c.objc; path = CustomBar.m; sourceTree = "<group>"; };
		4CB610E01FBC8BC000E69C6E /* CustomTabBar.h */ = {isa = PBXFileReference; fileEncoding = 4; lastKnownFileType = sourcecode.c.h; path = CustomTabBar.h; sourceTree = "<group>"; };
		4CB610E11FBC8BC000E69C6E /* CustomTabBar.m */ = {isa = PBXFileReference; fileEncoding = 4; lastKnownFileType = sourcecode.c.objc; path = CustomTabBar.m; sourceTree = "<group>"; };
		4CB610E21FBC8BC000E69C6E /* JHTickerView.h */ = {isa = PBXFileReference; fileEncoding = 4; lastKnownFileType = sourcecode.c.h; path = JHTickerView.h; sourceTree = "<group>"; };
		4CB610E31FBC8BC000E69C6E /* JHTickerView.m */ = {isa = PBXFileReference; fileEncoding = 4; lastKnownFileType = sourcecode.c.objc; path = JHTickerView.m; sourceTree = "<group>"; };
		4CB610E81FBC8CC300E69C6E /* SDiPhoneVersion.h */ = {isa = PBXFileReference; fileEncoding = 4; lastKnownFileType = sourcecode.c.h; path = SDiPhoneVersion.h; sourceTree = "<group>"; };
		4CB610E91FBC8CC300E69C6E /* SDiPhoneVersion.m */ = {isa = PBXFileReference; fileEncoding = 4; lastKnownFileType = sourcecode.c.objc; path = SDiPhoneVersion.m; sourceTree = "<group>"; };
		4CB610EC1FBC8D5800E69C6E /* ConstManager.m */ = {isa = PBXFileReference; fileEncoding = 4; lastKnownFileType = sourcecode.c.objc; path = ConstManager.m; sourceTree = "<group>"; };
		4CB610ED1FBC8D5900E69C6E /* ConstManager.h */ = {isa = PBXFileReference; fileEncoding = 4; lastKnownFileType = sourcecode.c.h; path = ConstManager.h; sourceTree = "<group>"; };
		4CB610EF1FBC8E4B00E69C6E /* NSString+PKBSize.m */ = {isa = PBXFileReference; fileEncoding = 4; lastKnownFileType = sourcecode.c.objc; path = "NSString+PKBSize.m"; sourceTree = "<group>"; };
		4CB610F01FBC8E4B00E69C6E /* NSString+PKBSize.h */ = {isa = PBXFileReference; fileEncoding = 4; lastKnownFileType = sourcecode.c.h; path = "NSString+PKBSize.h"; sourceTree = "<group>"; };
		4CB610F21FBC903C00E69C6E /* NDNavigationController.m */ = {isa = PBXFileReference; fileEncoding = 4; lastKnownFileType = sourcecode.c.objc; path = NDNavigationController.m; sourceTree = "<group>"; };
		4CB610F31FBC903C00E69C6E /* NDNavigationController.h */ = {isa = PBXFileReference; fileEncoding = 4; lastKnownFileType = sourcecode.c.h; path = NDNavigationController.h; sourceTree = "<group>"; };
/* End PBXFileReference section */

/* Begin PBXFrameworksBuildPhase section */
		4CB610A11FBC768F00E69C6E /* Frameworks */ = {
			isa = PBXFrameworksBuildPhase;
			buildActionMask = 2147483647;
			files = (
			);
			runOnlyForDeploymentPostprocessing = 0;
		};
/* End PBXFrameworksBuildPhase section */

/* Begin PBXGroup section */
		4CB6109B1FBC768F00E69C6E = {
			isa = PBXGroup;
			children = (
				4CB610A61FBC768F00E69C6E /* NDInstrument */,
				4CB610A51FBC768F00E69C6E /* Products */,
			);
			sourceTree = "<group>";
		};
		4CB610A51FBC768F00E69C6E /* Products */ = {
			isa = PBXGroup;
			children = (
				4CB610A41FBC768F00E69C6E /* NDInstrument.app */,
			);
			name = Products;
			sourceTree = "<group>";
		};
		4CB610A61FBC768F00E69C6E /* NDInstrument */ = {
			isa = PBXGroup;
			children = (
				4CB610A71FBC768F00E69C6E /* AppDelegate.h */,
				4CB610A81FBC768F00E69C6E /* AppDelegate.m */,
				4CB610BD1FBC7A3100E69C6E /* Common */,
				4CB610C11FBC7A3D00E69C6E /* ThirdSDK */,
				4CB610C21FBC7A4C00E69C6E /* Classes */,
				4CB610AD1FBC768F00E69C6E /* Main.storyboard */,
				4CB610B01FBC768F00E69C6E /* Assets.xcassets */,
				4CB610B21FBC768F00E69C6E /* LaunchScreen.storyboard */,
				4CB610B51FBC768F00E69C6E /* Info.plist */,
				4CB610B61FBC768F00E69C6E /* main.m */,
				4CB610D71FBC892E00E69C6E /* PrefixHeader.pch */,
			);
			path = NDInstrument;
			sourceTree = "<group>";
		};
		4CB610BD1FBC7A3100E69C6E /* Common */ = {
			isa = PBXGroup;
			children = (
				4CB610EB1FBC8D4100E69C6E /* Const */,
				4CB610E71FBC8CC300E69C6E /* iPhoneDevice */,
				4CB610DD1FBC8BC000E69C6E /* CustomBar */,
				4CB610BE1FBC7A3100E69C6E /* Category */,
				4CB610BF1FBC7A3100E69C6E /* SingleClass */,
				4CB610C01FBC7A3100E69C6E /* SuperClass */,
			);
			path = Common;
			sourceTree = "<group>";
		};
		4CB610BE1FBC7A3100E69C6E /* Category */ = {
			isa = PBXGroup;
			children = (
				4CB610F01FBC8E4B00E69C6E /* NSString+PKBSize.h */,
				4CB610EF1FBC8E4B00E69C6E /* NSString+PKBSize.m */,
			);
			path = Category;
			sourceTree = "<group>";
		};
		4CB610BF1FBC7A3100E69C6E /* SingleClass */ = {
			isa = PBXGroup;
			children = (
			);
			path = SingleClass;
			sourceTree = "<group>";
		};
		4CB610C01FBC7A3100E69C6E /* SuperClass */ = {
			isa = PBXGroup;
			children = (
				4CB610D31FBC7AEA00E69C6E /* BaseViewController.h */,
				4CB610D41FBC7AEA00E69C6E /* BaseViewController.m */,
				4CB610F31FBC903C00E69C6E /* NDNavigationController.h */,
				4CB610F21FBC903C00E69C6E /* NDNavigationController.m */,
			);
			path = SuperClass;
			sourceTree = "<group>";
		};
		4CB610C11FBC7A3D00E69C6E /* ThirdSDK */ = {
			isa = PBXGroup;
			children = (
			);
			path = ThirdSDK;
			sourceTree = "<group>";
		};
		4CB610C21FBC7A4C00E69C6E /* Classes */ = {
			isa = PBXGroup;
			children = (
				4CB610AA1FBC768F00E69C6E /* HomeViewController.h */,
				4CB610AB1FBC768F00E69C6E /* HomeViewController.m */,
				4CB610C31FBC7A4C00E69C6E /* Bluetooth */,
				4CB610C71FBC7A4C00E69C6E /* JinZhi */,
				4CB610CB1FBC7A4C00E69C6E /* Kegel */,
				4CB610CF1FBC7A4C00E69C6E /* NeiDiao */,
			);
			path = Classes;
			sourceTree = "<group>";
		};
		4CB610C31FBC7A4C00E69C6E /* Bluetooth */ = {
			isa = PBXGroup;
			children = (
				4CB610C41FBC7A4C00E69C6E /* controller */,
				4CB610C51FBC7A4C00E69C6E /* model */,
				4CB610C61FBC7A4C00E69C6E /* view */,
			);
			path = Bluetooth;
			sourceTree = "<group>";
		};
		4CB610C41FBC7A4C00E69C6E /* controller */ = {
			isa = PBXGroup;
			children = (
			);
			path = controller;
			sourceTree = "<group>";
		};
		4CB610C51FBC7A4C00E69C6E /* model */ = {
			isa = PBXGroup;
			children = (
			);
			path = model;
			sourceTree = "<group>";
		};
		4CB610C61FBC7A4C00E69C6E /* view */ = {
			isa = PBXGroup;
			children = (
			);
			path = view;
			sourceTree = "<group>";
		};
		4CB610C71FBC7A4C00E69C6E /* JinZhi */ = {
			isa = PBXGroup;
			children = (
				4CB610C81FBC7A4C00E69C6E /* controller */,
				4CB610C91FBC7A4C00E69C6E /* model */,
				4CB610CA1FBC7A4C00E69C6E /* view */,
			);
			path = JinZhi;
			sourceTree = "<group>";
		};
		4CB610C81FBC7A4C00E69C6E /* controller */ = {
			isa = PBXGroup;
			children = (
			);
			path = controller;
			sourceTree = "<group>";
		};
		4CB610C91FBC7A4C00E69C6E /* model */ = {
			isa = PBXGroup;
			children = (
			);
			path = model;
			sourceTree = "<group>";
		};
		4CB610CA1FBC7A4C00E69C6E /* view */ = {
			isa = PBXGroup;
			children = (
			);
			path = view;
			sourceTree = "<group>";
		};
		4CB610CB1FBC7A4C00E69C6E /* Kegel */ = {
			isa = PBXGroup;
			children = (
				4CB610CC1FBC7A4C00E69C6E /* controller */,
				4CB610CD1FBC7A4C00E69C6E /* model */,
				4CB610CE1FBC7A4C00E69C6E /* view */,
				4CB610D81FBC8A9100E69C6E /* KegelViewController.h */,
				4CB610D91FBC8A9100E69C6E /* KegelViewController.m */,
				4CB610DA1FBC8A9100E69C6E /* KegelViewController.xib */,
			);
			path = Kegel;
			sourceTree = "<group>";
		};
		4CB610CC1FBC7A4C00E69C6E /* controller */ = {
			isa = PBXGroup;
			children = (
			);
			path = controller;
			sourceTree = "<group>";
		};
		4CB610CD1FBC7A4C00E69C6E /* model */ = {
			isa = PBXGroup;
			children = (
			);
			path = model;
			sourceTree = "<group>";
		};
		4CB610CE1FBC7A4C00E69C6E /* view */ = {
			isa = PBXGroup;
			children = (
			);
			path = view;
			sourceTree = "<group>";
		};
		4CB610CF1FBC7A4C00E69C6E /* NeiDiao */ = {
			isa = PBXGroup;
			children = (
				4CB610D01FBC7A4C00E69C6E /* controller */,
				4CB610D11FBC7A4C00E69C6E /* model */,
				4CB610D21FBC7A4C00E69C6E /* view */,
			);
			path = NeiDiao;
			sourceTree = "<group>";
		};
		4CB610D01FBC7A4C00E69C6E /* controller */ = {
			isa = PBXGroup;
			children = (
			);
			path = controller;
			sourceTree = "<group>";
		};
		4CB610D11FBC7A4C00E69C6E /* model */ = {
			isa = PBXGroup;
			children = (
			);
			path = model;
			sourceTree = "<group>";
		};
		4CB610D21FBC7A4C00E69C6E /* view */ = {
			isa = PBXGroup;
			children = (
			);
			path = view;
			sourceTree = "<group>";
		};
		4CB610DD1FBC8BC000E69C6E /* CustomBar */ = {
			isa = PBXGroup;
			children = (
				4CB610DE1FBC8BC000E69C6E /* CustomBar.h */,
				4CB610DF1FBC8BC000E69C6E /* CustomBar.m */,
				4CB610E01FBC8BC000E69C6E /* CustomTabBar.h */,
				4CB610E11FBC8BC000E69C6E /* CustomTabBar.m */,
				4CB610E21FBC8BC000E69C6E /* JHTickerView.h */,
				4CB610E31FBC8BC000E69C6E /* JHTickerView.m */,
			);
			path = CustomBar;
			sourceTree = "<group>";
		};
		4CB610E71FBC8CC300E69C6E /* iPhoneDevice */ = {
			isa = PBXGroup;
			children = (
				4CB610E81FBC8CC300E69C6E /* SDiPhoneVersion.h */,
				4CB610E91FBC8CC300E69C6E /* SDiPhoneVersion.m */,
			);
			path = iPhoneDevice;
			sourceTree = "<group>";
		};
		4CB610EB1FBC8D4100E69C6E /* Const */ = {
			isa = PBXGroup;
			children = (
				4CB610ED1FBC8D5900E69C6E /* ConstManager.h */,
				4CB610EC1FBC8D5800E69C6E /* ConstManager.m */,
			);
			path = Const;
			sourceTree = "<group>";
		};
/* End PBXGroup section */

/* Begin PBXNativeTarget section */
		4CB610A31FBC768F00E69C6E /* NDInstrument */ = {
			isa = PBXNativeTarget;
			buildConfigurationList = 4CB610BA1FBC768F00E69C6E /* Build configuration list for PBXNativeTarget "NDInstrument" */;
			buildPhases = (
				4CB610A01FBC768F00E69C6E /* Sources */,
				4CB610A11FBC768F00E69C6E /* Frameworks */,
				4CB610A21FBC768F00E69C6E /* Resources */,
			);
			buildRules = (
			);
			dependencies = (
			);
			name = NDInstrument;
			productName = NDInstrument;
			productReference = 4CB610A41FBC768F00E69C6E /* NDInstrument.app */;
			productType = "com.apple.product-type.application";
		};
/* End PBXNativeTarget section */

/* Begin PBXProject section */
		4CB6109C1FBC768F00E69C6E /* Project object */ = {
			isa = PBXProject;
			attributes = {
				LastUpgradeCheck = 0910;
				ORGANIZATIONNAME = miss;
				TargetAttributes = {
					4CB610A31FBC768F00E69C6E = {
						CreatedOnToolsVersion = 9.1;
						ProvisioningStyle = Automatic;
					};
				};
			};
			buildConfigurationList = 4CB6109F1FBC768F00E69C6E /* Build configuration list for PBXProject "NDInstrument" */;
			compatibilityVersion = "Xcode 8.0";
			developmentRegion = en;
			hasScannedForEncodings = 0;
			knownRegions = (
				en,
				Base,
			);
			mainGroup = 4CB6109B1FBC768F00E69C6E;
			productRefGroup = 4CB610A51FBC768F00E69C6E /* Products */;
			projectDirPath = "";
			projectRoot = "";
			targets = (
				4CB610A31FBC768F00E69C6E /* NDInstrument */,
			);
		};
/* End PBXProject section */

/* Begin PBXResourcesBuildPhase section */
		4CB610A21FBC768F00E69C6E /* Resources */ = {
			isa = PBXResourcesBuildPhase;
			buildActionMask = 2147483647;
			files = (
				4CB610B41FBC768F00E69C6E /* LaunchScreen.storyboard in Resources */,
				4CB610B11FBC768F00E69C6E /* Assets.xcassets in Resources */,
				4CB610AF1FBC768F00E69C6E /* Main.storyboard in Resources */,
				4CB610DC1FBC8A9100E69C6E /* KegelViewController.xib in Resources */,
			);
			runOnlyForDeploymentPostprocessing = 0;
		};
/* End PBXResourcesBuildPhase section */

/* Begin PBXSourcesBuildPhase section */
		4CB610A01FBC768F00E69C6E /* Sources */ = {
			isa = PBXSourcesBuildPhase;
			buildActionMask = 2147483647;
			files = (
				4CB610E61FBC8BC000E69C6E /* JHTickerView.m in Sources */,
				4CB610AC1FBC768F00E69C6E /* HomeViewController.m in Sources */,
				4CB610D51FBC7AEA00E69C6E /* BaseViewController.m in Sources */,
				4CB610B71FBC768F00E69C6E /* main.m in Sources */,
				4CB610DB1FBC8A9100E69C6E /* KegelViewController.m in Sources */,
				4CB610F41FBC903C00E69C6E /* NDNavigationController.m in Sources */,
				4CB610F11FBC8E4B00E69C6E /* NSString+PKBSize.m in Sources */,
				4CB610E41FBC8BC000E69C6E /* CustomBar.m in Sources */,
				4CB610E51FBC8BC000E69C6E /* CustomTabBar.m in Sources */,
				4CB610A91FBC768F00E69C6E /* AppDelegate.m in Sources */,
				4CB610EA1FBC8CC400E69C6E /* SDiPhoneVersion.m in Sources */,
				4CB610EE1FBC8D5900E69C6E /* ConstManager.m in Sources */,
			);
			runOnlyForDeploymentPostprocessing = 0;
		};
/* End PBXSourcesBuildPhase section */

/* Begin PBXVariantGroup section */
		4CB610AD1FBC768F00E69C6E /* Main.storyboard */ = {
			isa = PBXVariantGroup;
			children = (
				4CB610AE1FBC768F00E69C6E /* Base */,
			);
			name = Main.storyboard;
			sourceTree = "<group>";
		};
		4CB610B21FBC768F00E69C6E /* LaunchScreen.storyboard */ = {
			isa = PBXVariantGroup;
			children = (
				4CB610B31FBC768F00E69C6E /* Base */,
			);
			name = LaunchScreen.storyboard;
			sourceTree = "<group>";
		};
/* End PBXVariantGroup section */

/* Begin XCBuildConfiguration section */
		4CB610B81FBC768F00E69C6E /* Debug */ = {
			isa = XCBuildConfiguration;
			buildSettings = {
				ALWAYS_SEARCH_USER_PATHS = NO;
				CLANG_ANALYZER_NONNULL = YES;
				CLANG_ANALYZER_NUMBER_OBJECT_CONVERSION = YES_AGGRESSIVE;
				CLANG_CXX_LANGUAGE_STANDARD = "gnu++14";
				CLANG_CXX_LIBRARY = "libc++";
				CLANG_ENABLE_MODULES = YES;
				CLANG_ENABLE_OBJC_ARC = YES;
				CLANG_WARN_BLOCK_CAPTURE_AUTORELEASING = YES;
				CLANG_WARN_BOOL_CONVERSION = YES;
				CLANG_WARN_COMMA = YES;
				CLANG_WARN_CONSTANT_CONVERSION = YES;
				CLANG_WARN_DIRECT_OBJC_ISA_USAGE = YES_ERROR;
				CLANG_WARN_DOCUMENTATION_COMMENTS = YES;
				CLANG_WARN_EMPTY_BODY = YES;
				CLANG_WARN_ENUM_CONVERSION = YES;
				CLANG_WARN_INFINITE_RECURSION = YES;
				CLANG_WARN_INT_CONVERSION = YES;
				CLANG_WARN_NON_LITERAL_NULL_CONVERSION = YES;
				CLANG_WARN_OBJC_LITERAL_CONVERSION = YES;
				CLANG_WARN_OBJC_ROOT_CLASS = YES_ERROR;
				CLANG_WARN_RANGE_LOOP_ANALYSIS = YES;
				CLANG_WARN_STRICT_PROTOTYPES = YES;
				CLANG_WARN_SUSPICIOUS_MOVE = YES;
				CLANG_WARN_UNGUARDED_AVAILABILITY = YES_AGGRESSIVE;
				CLANG_WARN_UNREACHABLE_CODE = YES;
				CLANG_WARN__DUPLICATE_METHOD_MATCH = YES;
				CODE_SIGN_IDENTITY = "iPhone Developer";
				COPY_PHASE_STRIP = NO;
				DEBUG_INFORMATION_FORMAT = dwarf;
				ENABLE_STRICT_OBJC_MSGSEND = YES;
				ENABLE_TESTABILITY = YES;
				GCC_C_LANGUAGE_STANDARD = gnu11;
				GCC_DYNAMIC_NO_PIC = NO;
				GCC_NO_COMMON_BLOCKS = YES;
				GCC_OPTIMIZATION_LEVEL = 0;
				GCC_PREPROCESSOR_DEFINITIONS = (
					"DEBUG=1",
					"$(inherited)",
				);
				GCC_WARN_64_TO_32_BIT_CONVERSION = YES;
				GCC_WARN_ABOUT_RETURN_TYPE = YES_ERROR;
				GCC_WARN_UNDECLARED_SELECTOR = YES;
				GCC_WARN_UNINITIALIZED_AUTOS = YES_AGGRESSIVE;
				GCC_WARN_UNUSED_FUNCTION = YES;
				GCC_WARN_UNUSED_VARIABLE = YES;
				IPHONEOS_DEPLOYMENT_TARGET = 11.1;
				MTL_ENABLE_DEBUG_INFO = YES;
				ONLY_ACTIVE_ARCH = YES;
				SDKROOT = iphoneos;
			};
			name = Debug;
		};
		4CB610B91FBC768F00E69C6E /* Release */ = {
			isa = XCBuildConfiguration;
			buildSettings = {
				ALWAYS_SEARCH_USER_PATHS = NO;
				CLANG_ANALYZER_NONNULL = YES;
				CLANG_ANALYZER_NUMBER_OBJECT_CONVERSION = YES_AGGRESSIVE;
				CLANG_CXX_LANGUAGE_STANDARD = "gnu++14";
				CLANG_CXX_LIBRARY = "libc++";
				CLANG_ENABLE_MODULES = YES;
				CLANG_ENABLE_OBJC_ARC = YES;
				CLANG_WARN_BLOCK_CAPTURE_AUTORELEASING = YES;
				CLANG_WARN_BOOL_CONVERSION = YES;
				CLANG_WARN_COMMA = YES;
				CLANG_WARN_CONSTANT_CONVERSION = YES;
				CLANG_WARN_DIRECT_OBJC_ISA_USAGE = YES_ERROR;
				CLANG_WARN_DOCUMENTATION_COMMENTS = YES;
				CLANG_WARN_EMPTY_BODY = YES;
				CLANG_WARN_ENUM_CONVERSION = YES;
				CLANG_WARN_INFINITE_RECURSION = YES;
				CLANG_WARN_INT_CONVERSION = YES;
				CLANG_WARN_NON_LITERAL_NULL_CONVERSION = YES;
				CLANG_WARN_OBJC_LITERAL_CONVERSION = YES;
				CLANG_WARN_OBJC_ROOT_CLASS = YES_ERROR;
				CLANG_WARN_RANGE_LOOP_ANALYSIS = YES;
				CLANG_WARN_STRICT_PROTOTYPES = YES;
				CLANG_WARN_SUSPICIOUS_MOVE = YES;
				CLANG_WARN_UNGUARDED_AVAILABILITY = YES_AGGRESSIVE;
				CLANG_WARN_UNREACHABLE_CODE = YES;
				CLANG_WARN__DUPLICATE_METHOD_MATCH = YES;
				CODE_SIGN_IDENTITY = "iPhone Developer";
				COPY_PHASE_STRIP = NO;
				DEBUG_INFORMATION_FORMAT = "dwarf-with-dsym";
				ENABLE_NS_ASSERTIONS = NO;
				ENABLE_STRICT_OBJC_MSGSEND = YES;
				GCC_C_LANGUAGE_STANDARD = gnu11;
				GCC_NO_COMMON_BLOCKS = YES;
				GCC_WARN_64_TO_32_BIT_CONVERSION = YES;
				GCC_WARN_ABOUT_RETURN_TYPE = YES_ERROR;
				GCC_WARN_UNDECLARED_SELECTOR = YES;
				GCC_WARN_UNINITIALIZED_AUTOS = YES_AGGRESSIVE;
				GCC_WARN_UNUSED_FUNCTION = YES;
				GCC_WARN_UNUSED_VARIABLE = YES;
				IPHONEOS_DEPLOYMENT_TARGET = 11.1;
				MTL_ENABLE_DEBUG_INFO = NO;
				SDKROOT = iphoneos;
				VALIDATE_PRODUCT = YES;
			};
			name = Release;
		};
		4CB610BB1FBC768F00E69C6E /* Debug */ = {
			isa = XCBuildConfiguration;
			buildSettings = {
				ASSETCATALOG_COMPILER_APPICON_NAME = AppIcon;
				CODE_SIGN_STYLE = Automatic;
				GCC_PRECOMPILE_PREFIX_HEADER = YES;
				GCC_PREFIX_HEADER = NDInstrument/PrefixHeader.pch;
				INFOPLIST_FILE = NDInstrument/Info.plist;
				LD_RUNPATH_SEARCH_PATHS = "$(inherited) @executable_path/Frameworks";
				PRODUCT_BUNDLE_IDENTIFIER = com.ndy..NDInstrument;
				PRODUCT_NAME = "$(TARGET_NAME)";
				TARGETED_DEVICE_FAMILY = "1,2";
			};
			name = Debug;
		};
		4CB610BC1FBC768F00E69C6E /* Release */ = {
			isa = XCBuildConfiguration;
			buildSettings = {
				ASSETCATALOG_COMPILER_APPICON_NAME = AppIcon;
				CODE_SIGN_STYLE = Automatic;
				GCC_PRECOMPILE_PREFIX_HEADER = YES;
				GCC_PREFIX_HEADER = NDInstrument/PrefixHeader.pch;
				INFOPLIST_FILE = NDInstrument/Info.plist;
				LD_RUNPATH_SEARCH_PATHS = "$(inherited) @executable_path/Frameworks";
				PRODUCT_BUNDLE_IDENTIFIER = com.ndy..NDInstrument;
				PRODUCT_NAME = "$(TARGET_NAME)";
				TARGETED_DEVICE_FAMILY = "1,2";
			};
			name = Release;
		};
/* End XCBuildConfiguration section */

/* Begin XCConfigurationList section */
		4CB6109F1FBC768F00E69C6E /* Build configuration list for PBXProject "NDInstrument" */ = {
			isa = XCConfigurationList;
			buildConfigurations = (
				4CB610B81FBC768F00E69C6E /* Debug */,
				4CB610B91FBC768F00E69C6E /* Release */,
			);
			defaultConfigurationIsVisible = 0;
			defaultConfigurationName = Release;
		};
		4CB610BA1FBC768F00E69C6E /* Build configuration list for PBXNativeTarget "NDInstrument" */ = {
			isa = XCConfigurationList;
			buildConfigurations = (
				4CB610BB1FBC768F00E69C6E /* Debug */,
				4CB610BC1FBC768F00E69C6E /* Release */,
			);
			defaultConfigurationIsVisible = 0;
			defaultConfigurationName = Release;
		};
/* End XCConfigurationList section */
	};
	rootObject = 4CB6109C1FBC768F00E69C6E /* Project object */;
}
