// !$*UTF8*$!
{
	archiveVersion = 1;
	classes = {
	};
	objectVersion = 48;
	objects = {

/* Begin PBXBuildFile section */
		4C59DC941FC1145F0072BEFD /* JinZhiChartView.m in Sources */ = {isa = PBXBuildFile; fileRef = 4C59DC931FC1145F0072BEFD /* JinZhiChartView.m */; };
		4C59DC971FC117640072BEFD /* UIView+UIViewAddition.m in Sources */ = {isa = PBXBuildFile; fileRef = 4C59DC961FC117640072BEFD /* UIView+UIViewAddition.m */; };
		4C59DC9A1FC117FC0072BEFD /* UIColor+Hex.m in Sources */ = {isa = PBXBuildFile; fileRef = 4C59DC991FC117FC0072BEFD /* UIColor+Hex.m */; };
		4C59DC9E1FC12E410072BEFD /* NeiDiaoViewController.xib in Resources */ = {isa = PBXBuildFile; fileRef = 4C59DC9B1FC12E400072BEFD /* NeiDiaoViewController.xib */; };
		4C59DC9F1FC12E410072BEFD /* NeiDiaoViewController.m in Sources */ = {isa = PBXBuildFile; fileRef = 4C59DC9D1FC12E400072BEFD /* NeiDiaoViewController.m */; };
		4C59DCA31FC12E6A0072BEFD /* NeiDiaoClassViewController.xib in Resources */ = {isa = PBXBuildFile; fileRef = 4C59DCA01FC12E690072BEFD /* NeiDiaoClassViewController.xib */; };
		4C59DCA41FC12E6A0072BEFD /* NeiDiaoClassViewController.m in Sources */ = {isa = PBXBuildFile; fileRef = 4C59DCA21FC12E6A0072BEFD /* NeiDiaoClassViewController.m */; };
		4C59DCF01FC134A10072BEFD /* BabyBluetooth.m in Sources */ = {isa = PBXBuildFile; fileRef = 4C59DCD51FC134A00072BEFD /* BabyBluetooth.m */; };
		4C59DCF11FC134A10072BEFD /* BabyCallback.m in Sources */ = {isa = PBXBuildFile; fileRef = 4C59DCD71FC134A00072BEFD /* BabyCallback.m */; };
		4C59DCF21FC134A10072BEFD /* BabyCentralManager.m in Sources */ = {isa = PBXBuildFile; fileRef = 4C59DCD91FC134A00072BEFD /* BabyCentralManager.m */; };
		4C59DCF31FC134A10072BEFD /* BabyDefine.m in Sources */ = {isa = PBXBuildFile; fileRef = 4C59DCDB1FC134A00072BEFD /* BabyDefine.m */; };
		4C59DCF41FC134A10072BEFD /* BabyOptions.m in Sources */ = {isa = PBXBuildFile; fileRef = 4C59DCDD1FC134A00072BEFD /* BabyOptions.m */; };
		4C59DCF51FC134A10072BEFD /* BabyPeripheralManager.m in Sources */ = {isa = PBXBuildFile; fileRef = 4C59DCDF1FC134A00072BEFD /* BabyPeripheralManager.m */; };
		4C59DCF61FC134A10072BEFD /* BabyRhythm.m in Sources */ = {isa = PBXBuildFile; fileRef = 4C59DCE11FC134A00072BEFD /* BabyRhythm.m */; };
		4C59DCF71FC134A10072BEFD /* BabySpeaker.m in Sources */ = {isa = PBXBuildFile; fileRef = 4C59DCE31FC134A00072BEFD /* BabySpeaker.m */; };
		4C59DCF81FC134A10072BEFD /* BabyToy.m in Sources */ = {isa = PBXBuildFile; fileRef = 4C59DCE51FC134A00072BEFD /* BabyToy.m */; };
		4C59DCF91FC134A10072BEFD /* BLeHelper.m in Sources */ = {isa = PBXBuildFile; fileRef = 4C59DCE81FC134A00072BEFD /* BLeHelper.m */; };
		4C59DCFA1FC134A10072BEFD /* NDInstrment.m in Sources */ = {isa = PBXBuildFile; fileRef = 4C59DCEA1FC134A00072BEFD /* NDInstrment.m */; };
		4C59DCFB1FC134A10072BEFD /* number.m in Sources */ = {isa = PBXBuildFile; fileRef = 4C59DCEC1FC134A00072BEFD /* number.m */; };
		4C59DCFC1FC134A10072BEFD /* BLEManager.m in Sources */ = {isa = PBXBuildFile; fileRef = 4C59DCEF1FC134A00072BEFD /* BLEManager.m */; };
		4C59DD021FC16A6F0072BEFD /* NSString+Toast.m in Sources */ = {isa = PBXBuildFile; fileRef = 4C59DD011FC16A6F0072BEFD /* NSString+Toast.m */; };
		4C7A062A1FBFCA6000D85D1D /* JinZhiViewController.m in Sources */ = {isa = PBXBuildFile; fileRef = 4C7A06281FBFCA6000D85D1D /* JinZhiViewController.m */; };
		4C7A062B1FBFCA6000D85D1D /* JinZhiViewController.xib in Resources */ = {isa = PBXBuildFile; fileRef = 4C7A06291FBFCA6000D85D1D /* JinZhiViewController.xib */; };
		4C7A063E1FBFCAE000D85D1D /* BluetoothListViewController.m in Sources */ = {isa = PBXBuildFile; fileRef = 4C7A063C1FBFCAE000D85D1D /* BluetoothListViewController.m */; };
		4C7A063F1FBFCAE000D85D1D /* BluetoothListViewController.xib in Resources */ = {isa = PBXBuildFile; fileRef = 4C7A063D1FBFCAE000D85D1D /* BluetoothListViewController.xib */; };
		4C7A06431FBFCE6C00D85D1D /* ClassSelectedViewController.m in Sources */ = {isa = PBXBuildFile; fileRef = 4C7A06411FBFCE6C00D85D1D /* ClassSelectedViewController.m */; };
		4C7A06441FBFCE6C00D85D1D /* ClassSelectedViewController.xib in Resources */ = {isa = PBXBuildFile; fileRef = 4C7A06421FBFCE6C00D85D1D /* ClassSelectedViewController.xib */; };
		4C7A06481FBFDD1A00D85D1D /* KegelClassViewController.m in Sources */ = {isa = PBXBuildFile; fileRef = 4C7A06461FBFDD1A00D85D1D /* KegelClassViewController.m */; };
		4C7A06491FBFDD1A00D85D1D /* KegelClassViewController.xib in Resources */ = {isa = PBXBuildFile; fileRef = 4C7A06471FBFDD1A00D85D1D /* KegelClassViewController.xib */; };
		4C7A06521FBFDD7800D85D1D /* EvaluteResultViewController.m in Sources */ = {isa = PBXBuildFile; fileRef = 4C7A06501FBFDD7800D85D1D /* EvaluteResultViewController.m */; };
		4C7A06531FBFDD7800D85D1D /* EvaluteResultViewController.xib in Resources */ = {isa = PBXBuildFile; fileRef = 4C7A06511FBFDD7800D85D1D /* EvaluteResultViewController.xib */; };
		4C7A06561FC00B7900D85D1D /* HXCardSwitchView.m in Sources */ = {isa = PBXBuildFile; fileRef = 4C7A06551FC00B7900D85D1D /* HXCardSwitchView.m */; };
		4C7A06B51FC0393100D85D1D /* SearchBluetoothViewController.m in Sources */ = {isa = PBXBuildFile; fileRef = 4C7A06B21FC0393000D85D1D /* SearchBluetoothViewController.m */; };
		4C7A06B61FC0393100D85D1D /* SearchBluetoothViewController.xib in Resources */ = {isa = PBXBuildFile; fileRef = 4C7A06B31FC0393000D85D1D /* SearchBluetoothViewController.xib */; };
		4CB610A91FBC768F00E69C6E /* AppDelegate.m in Sources */ = {isa = PBXBuildFile; fileRef = 4CB610A81FBC768F00E69C6E /* AppDelegate.m */; };
		4CB610AC1FBC768F00E69C6E /* HomeViewController.m in Sources */ = {isa = PBXBuildFile; fileRef = 4CB610AB1FBC768F00E69C6E /* HomeViewController.m */; };
		4CB610B11FBC768F00E69C6E /* Assets.xcassets in Resources */ = {isa = PBXBuildFile; fileRef = 4CB610B01FBC768F00E69C6E /* Assets.xcassets */; };
		4CB610B41FBC768F00E69C6E /* LaunchScreen.storyboard in Resources */ = {isa = PBXBuildFile; fileRef = 4CB610B21FBC768F00E69C6E /* LaunchScreen.storyboard */; };
		4CB610B71FBC768F00E69C6E /* main.m in Sources */ = {isa = PBXBuildFile; fileRef = 4CB610B61FBC768F00E69C6E /* main.m */; };
		4CB610D51FBC7AEA00E69C6E /* BaseViewController.m in Sources */ = {isa = PBXBuildFile; fileRef = 4CB610D41FBC7AEA00E69C6E /* BaseViewController.m */; };
		4CB610DB1FBC8A9100E69C6E /* KegelViewController.m in Sources */ = {isa = PBXBuildFile; fileRef = 4CB610D91FBC8A9100E69C6E /* KegelViewController.m */; };
		4CB610E41FBC8BC000E69C6E /* CustomBar.m in Sources */ = {isa = PBXBuildFile; fileRef = 4CB610DF1FBC8BC000E69C6E /* CustomBar.m */; };
		4CB610E51FBC8BC000E69C6E /* CustomTabBar.m in Sources */ = {isa = PBXBuildFile; fileRef = 4CB610E11FBC8BC000E69C6E /* CustomTabBar.m */; };
		4CB610E61FBC8BC000E69C6E /* JHTickerView.m in Sources */ = {isa = PBXBuildFile; fileRef = 4CB610E31FBC8BC000E69C6E /* JHTickerView.m */; };
		4CB610EA1FBC8CC400E69C6E /* SDiPhoneVersion.m in Sources */ = {isa = PBXBuildFile; fileRef = 4CB610E91FBC8CC300E69C6E /* SDiPhoneVersion.m */; };
		4CB610F11FBC8E4B00E69C6E /* NSString+PKBSize.m in Sources */ = {isa = PBXBuildFile; fileRef = 4CB610EF1FBC8E4B00E69C6E /* NSString+PKBSize.m */; };
		4CB610F41FBC903C00E69C6E /* NDNavigationController.m in Sources */ = {isa = PBXBuildFile; fileRef = 4CB610F21FBC903C00E69C6E /* NDNavigationController.m */; };
/* End PBXBuildFile section */

/* Begin PBXFileReference section */
		4C59DC921FC1145F0072BEFD /* JinZhiChartView.h */ = {isa = PBXFileReference; lastKnownFileType = sourcecode.c.h; path = JinZhiChartView.h; sourceTree = "<group>"; };
		4C59DC931FC1145F0072BEFD /* JinZhiChartView.m */ = {isa = PBXFileReference; lastKnownFileType = sourcecode.c.objc; path = JinZhiChartView.m; sourceTree = "<group>"; };
		4C59DC951FC117640072BEFD /* UIView+UIViewAddition.h */ = {isa = PBXFileReference; fileEncoding = 4; lastKnownFileType = sourcecode.c.h; path = "UIView+UIViewAddition.h"; sourceTree = "<group>"; };
		4C59DC961FC117640072BEFD /* UIView+UIViewAddition.m */ = {isa = PBXFileReference; fileEncoding = 4; lastKnownFileType = sourcecode.c.objc; path = "UIView+UIViewAddition.m"; sourceTree = "<group>"; };
		4C59DC981FC117FB0072BEFD /* UIColor+Hex.h */ = {isa = PBXFileReference; fileEncoding = 4; lastKnownFileType = sourcecode.c.h; path = "UIColor+Hex.h"; sourceTree = "<group>"; };
		4C59DC991FC117FC0072BEFD /* UIColor+Hex.m */ = {isa = PBXFileReference; fileEncoding = 4; lastKnownFileType = sourcecode.c.objc; path = "UIColor+Hex.m"; sourceTree = "<group>"; };
		4C59DC9B1FC12E400072BEFD /* NeiDiaoViewController.xib */ = {isa = PBXFileReference; fileEncoding = 4; lastKnownFileType = file.xib; path = NeiDiaoViewController.xib; sourceTree = "<group>"; };
		4C59DC9C1FC12E400072BEFD /* NeiDiaoViewController.h */ = {isa = PBXFileReference; fileEncoding = 4; lastKnownFileType = sourcecode.c.h; path = NeiDiaoViewController.h; sourceTree = "<group>"; };
		4C59DC9D1FC12E400072BEFD /* NeiDiaoViewController.m */ = {isa = PBXFileReference; fileEncoding = 4; lastKnownFileType = sourcecode.c.objc; path = NeiDiaoViewController.m; sourceTree = "<group>"; };
		4C59DCA01FC12E690072BEFD /* NeiDiaoClassViewController.xib */ = {isa = PBXFileReference; fileEncoding = 4; lastKnownFileType = file.xib; path = NeiDiaoClassViewController.xib; sourceTree = "<group>"; };
		4C59DCA11FC12E690072BEFD /* NeiDiaoClassViewController.h */ = {isa = PBXFileReference; fileEncoding = 4; lastKnownFileType = sourcecode.c.h; path = NeiDiaoClassViewController.h; sourceTree = "<group>"; };
		4C59DCA21FC12E6A0072BEFD /* NeiDiaoClassViewController.m */ = {isa = PBXFileReference; fileEncoding = 4; lastKnownFileType = sourcecode.c.objc; path = NeiDiaoClassViewController.m; sourceTree = "<group>"; };
		4C59DCD41FC134A00072BEFD /* BabyBluetooth.h */ = {isa = PBXFileReference; fileEncoding = 4; lastKnownFileType = sourcecode.c.h; path = BabyBluetooth.h; sourceTree = "<group>"; };
		4C59DCD51FC134A00072BEFD /* BabyBluetooth.m */ = {isa = PBXFileReference; fileEncoding = 4; lastKnownFileType = sourcecode.c.objc; path = BabyBluetooth.m; sourceTree = "<group>"; };
		4C59DCD61FC134A00072BEFD /* BabyCallback.h */ = {isa = PBXFileReference; fileEncoding = 4; lastKnownFileType = sourcecode.c.h; path = BabyCallback.h; sourceTree = "<group>"; };
		4C59DCD71FC134A00072BEFD /* BabyCallback.m */ = {isa = PBXFileReference; fileEncoding = 4; lastKnownFileType = sourcecode.c.objc; path = BabyCallback.m; sourceTree = "<group>"; };
		4C59DCD81FC134A00072BEFD /* BabyCentralManager.h */ = {isa = PBXFileReference; fileEncoding = 4; lastKnownFileType = sourcecode.c.h; path = BabyCentralManager.h; sourceTree = "<group>"; };
		4C59DCD91FC134A00072BEFD /* BabyCentralManager.m */ = {isa = PBXFileReference; fileEncoding = 4; lastKnownFileType = sourcecode.c.objc; path = BabyCentralManager.m; sourceTree = "<group>"; };
		4C59DCDA1FC134A00072BEFD /* BabyDefine.h */ = {isa = PBXFileReference; fileEncoding = 4; lastKnownFileType = sourcecode.c.h; path = BabyDefine.h; sourceTree = "<group>"; };
		4C59DCDB1FC134A00072BEFD /* BabyDefine.m */ = {isa = PBXFileReference; fileEncoding = 4; lastKnownFileType = sourcecode.c.objc; path = BabyDefine.m; sourceTree = "<group>"; };
		4C59DCDC1FC134A00072BEFD /* BabyOptions.h */ = {isa = PBXFileReference; fileEncoding = 4; lastKnownFileType = sourcecode.c.h; path = BabyOptions.h; sourceTree = "<group>"; };
		4C59DCDD1FC134A00072BEFD /* BabyOptions.m */ = {isa = PBXFileReference; fileEncoding = 4; lastKnownFileType = sourcecode.c.objc; path = BabyOptions.m; sourceTree = "<group>"; };
		4C59DCDE1FC134A00072BEFD /* BabyPeripheralManager.h */ = {isa = PBXFileReference; fileEncoding = 4; lastKnownFileType = sourcecode.c.h; path = BabyPeripheralManager.h; sourceTree = "<group>"; };
		4C59DCDF1FC134A00072BEFD /* BabyPeripheralManager.m */ = {isa = PBXFileReference; fileEncoding = 4; lastKnownFileType = sourcecode.c.objc; path = BabyPeripheralManager.m; sourceTree = "<group>"; };
		4C59DCE01FC134A00072BEFD /* BabyRhythm.h */ = {isa = PBXFileReference; fileEncoding = 4; lastKnownFileType = sourcecode.c.h; path = BabyRhythm.h; sourceTree = "<group>"; };
		4C59DCE11FC134A00072BEFD /* BabyRhythm.m */ = {isa = PBXFileReference; fileEncoding = 4; lastKnownFileType = sourcecode.c.objc; path = BabyRhythm.m; sourceTree = "<group>"; };
		4C59DCE21FC134A00072BEFD /* BabySpeaker.h */ = {isa = PBXFileReference; fileEncoding = 4; lastKnownFileType = sourcecode.c.h; path = BabySpeaker.h; sourceTree = "<group>"; };
		4C59DCE31FC134A00072BEFD /* BabySpeaker.m */ = {isa = PBXFileReference; fileEncoding = 4; lastKnownFileType = sourcecode.c.objc; path = BabySpeaker.m; sourceTree = "<group>"; };
		4C59DCE41FC134A00072BEFD /* BabyToy.h */ = {isa = PBXFileReference; fileEncoding = 4; lastKnownFileType = sourcecode.c.h; path = BabyToy.h; sourceTree = "<group>"; };
		4C59DCE51FC134A00072BEFD /* BabyToy.m */ = {isa = PBXFileReference; fileEncoding = 4; lastKnownFileType = sourcecode.c.objc; path = BabyToy.m; sourceTree = "<group>"; };
		4C59DCE71FC134A00072BEFD /* BLeHelper.h */ = {isa = PBXFileReference; fileEncoding = 4; lastKnownFileType = sourcecode.c.h; path = BLeHelper.h; sourceTree = "<group>"; };
		4C59DCE81FC134A00072BEFD /* BLeHelper.m */ = {isa = PBXFileReference; fileEncoding = 4; lastKnownFileType = sourcecode.c.objc; path = BLeHelper.m; sourceTree = "<group>"; };
		4C59DCE91FC134A00072BEFD /* NDInstrment.h */ = {isa = PBXFileReference; fileEncoding = 4; lastKnownFileType = sourcecode.c.h; path = NDInstrment.h; sourceTree = "<group>"; };
		4C59DCEA1FC134A00072BEFD /* NDInstrment.m */ = {isa = PBXFileReference; fileEncoding = 4; lastKnownFileType = sourcecode.c.objc; path = NDInstrment.m; sourceTree = "<group>"; };
		4C59DCEB1FC134A00072BEFD /* number.h */ = {isa = PBXFileReference; fileEncoding = 4; lastKnownFileType = sourcecode.c.h; path = number.h; sourceTree = "<group>"; };
		4C59DCEC1FC134A00072BEFD /* number.m */ = {isa = PBXFileReference; fileEncoding = 4; lastKnownFileType = sourcecode.c.objc; path = number.m; sourceTree = "<group>"; };
		4C59DCEE1FC134A00072BEFD /* BLEManager.h */ = {isa = PBXFileReference; fileEncoding = 4; lastKnownFileType = sourcecode.c.h; path = BLEManager.h; sourceTree = "<group>"; };
		4C59DCEF1FC134A00072BEFD /* BLEManager.m */ = {isa = PBXFileReference; fileEncoding = 4; lastKnownFileType = sourcecode.c.objc; path = BLEManager.m; sourceTree = "<group>"; };
		4C59DD001FC16A6F0072BEFD /* NSString+Toast.h */ = {isa = PBXFileReference; lastKnownFileType = sourcecode.c.h; path = "NSString+Toast.h"; sourceTree = "<group>"; };
		4C59DD011FC16A6F0072BEFD /* NSString+Toast.m */ = {isa = PBXFileReference; lastKnownFileType = sourcecode.c.objc; path = "NSString+Toast.m"; sourceTree = "<group>"; };
		4C7A06271FBFCA6000D85D1D /* JinZhiViewController.h */ = {isa = PBXFileReference; lastKnownFileType = sourcecode.c.h; path = JinZhiViewController.h; sourceTree = "<group>"; };
		4C7A06281FBFCA6000D85D1D /* JinZhiViewController.m */ = {isa = PBXFileReference; lastKnownFileType = sourcecode.c.objc; path = JinZhiViewController.m; sourceTree = "<group>"; };
		4C7A06291FBFCA6000D85D1D /* JinZhiViewController.xib */ = {isa = PBXFileReference; lastKnownFileType = file.xib; path = JinZhiViewController.xib; sourceTree = "<group>"; };
		4C7A063B1FBFCAE000D85D1D /* BluetoothListViewController.h */ = {isa = PBXFileReference; lastKnownFileType = sourcecode.c.h; path = BluetoothListViewController.h; sourceTree = "<group>"; };
		4C7A063C1FBFCAE000D85D1D /* BluetoothListViewController.m */ = {isa = PBXFileReference; lastKnownFileType = sourcecode.c.objc; path = BluetoothListViewController.m; sourceTree = "<group>"; };
		4C7A063D1FBFCAE000D85D1D /* BluetoothListViewController.xib */ = {isa = PBXFileReference; lastKnownFileType = file.xib; path = BluetoothListViewController.xib; sourceTree = "<group>"; };
		4C7A06401FBFCE6C00D85D1D /* ClassSelectedViewController.h */ = {isa = PBXFileReference; lastKnownFileType = sourcecode.c.h; path = ClassSelectedViewController.h; sourceTree = "<group>"; };
		4C7A06411FBFCE6C00D85D1D /* ClassSelectedViewController.m */ = {isa = PBXFileReference; lastKnownFileType = sourcecode.c.objc; path = ClassSelectedViewController.m; sourceTree = "<group>"; };
		4C7A06421FBFCE6C00D85D1D /* ClassSelectedViewController.xib */ = {isa = PBXFileReference; lastKnownFileType = file.xib; path = ClassSelectedViewController.xib; sourceTree = "<group>"; };
		4C7A06451FBFDD1A00D85D1D /* KegelClassViewController.h */ = {isa = PBXFileReference; lastKnownFileType = sourcecode.c.h; path = KegelClassViewController.h; sourceTree = "<group>"; };
		4C7A06461FBFDD1A00D85D1D /* KegelClassViewController.m */ = {isa = PBXFileReference; lastKnownFileType = sourcecode.c.objc; path = KegelClassViewController.m; sourceTree = "<group>"; };
		4C7A06471FBFDD1A00D85D1D /* KegelClassViewController.xib */ = {isa = PBXFileReference; lastKnownFileType = file.xib; path = KegelClassViewController.xib; sourceTree = "<group>"; };
		4C7A064F1FBFDD7800D85D1D /* EvaluteResultViewController.h */ = {isa = PBXFileReference; lastKnownFileType = sourcecode.c.h; path = EvaluteResultViewController.h; sourceTree = "<group>"; };
		4C7A06501FBFDD7800D85D1D /* EvaluteResultViewController.m */ = {isa = PBXFileReference; lastKnownFileType = sourcecode.c.objc; path = EvaluteResultViewController.m; sourceTree = "<group>"; };
		4C7A06511FBFDD7800D85D1D /* EvaluteResultViewController.xib */ = {isa = PBXFileReference; lastKnownFileType = file.xib; path = EvaluteResultViewController.xib; sourceTree = "<group>"; };
		4C7A06541FC00B7900D85D1D /* HXCardSwitchView.h */ = {isa = PBXFileReference; fileEncoding = 4; lastKnownFileType = sourcecode.c.h; path = HXCardSwitchView.h; sourceTree = "<group>"; };
		4C7A06551FC00B7900D85D1D /* HXCardSwitchView.m */ = {isa = PBXFileReference; fileEncoding = 4; lastKnownFileType = sourcecode.c.objc; path = HXCardSwitchView.m; sourceTree = "<group>"; };
		4C7A06B21FC0393000D85D1D /* SearchBluetoothViewController.m */ = {isa = PBXFileReference; fileEncoding = 4; lastKnownFileType = sourcecode.c.objc; path = SearchBluetoothViewController.m; sourceTree = "<group>"; };
		4C7A06B31FC0393000D85D1D /* SearchBluetoothViewController.xib */ = {isa = PBXFileReference; fileEncoding = 4; lastKnownFileType = file.xib; path = SearchBluetoothViewController.xib; sourceTree = "<group>"; };
		4C7A06B41FC0393100D85D1D /* SearchBluetoothViewController.h */ = {isa = PBXFileReference; fileEncoding = 4; lastKnownFileType = sourcecode.c.h; path = SearchBluetoothViewController.h; sourceTree = "<group>"; };
		4CB610A41FBC768F00E69C6E /* NDInstrument.app */ = {isa = PBXFileReference; explicitFileType = wrapper.application; includeInIndex = 0; path = NDInstrument.app; sourceTree = BUILT_PRODUCTS_DIR; };
		4CB610A71FBC768F00E69C6E /* AppDelegate.h */ = {isa = PBXFileReference; lastKnownFileType = sourcecode.c.h; path = AppDelegate.h; sourceTree = "<group>"; };
		4CB610A81FBC768F00E69C6E /* AppDelegate.m */ = {isa = PBXFileReference; lastKnownFileType = sourcecode.c.objc; path = AppDelegate.m; sourceTree = "<group>"; };
		4CB610AA1FBC768F00E69C6E /* HomeViewController.h */ = {isa = PBXFileReference; lastKnownFileType = sourcecode.c.h; path = HomeViewController.h; sourceTree = "<group>"; };
		4CB610AB1FBC768F00E69C6E /* HomeViewController.m */ = {isa = PBXFileReference; lastKnownFileType = sourcecode.c.objc; path = HomeViewController.m; sourceTree = "<group>"; };
		4CB610B01FBC768F00E69C6E /* Assets.xcassets */ = {isa = PBXFileReference; lastKnownFileType = folder.assetcatalog; path = Assets.xcassets; sourceTree = "<group>"; };
		4CB610B31FBC768F00E69C6E /* Base */ = {isa = PBXFileReference; lastKnownFileType = file.storyboard; name = Base; path = Base.lproj/LaunchScreen.storyboard; sourceTree = "<group>"; };
		4CB610B51FBC768F00E69C6E /* Info.plist */ = {isa = PBXFileReference; lastKnownFileType = text.plist.xml; path = Info.plist; sourceTree = "<group>"; };
		4CB610B61FBC768F00E69C6E /* main.m */ = {isa = PBXFileReference; lastKnownFileType = sourcecode.c.objc; path = main.m; sourceTree = "<group>"; };
		4CB610D31FBC7AEA00E69C6E /* BaseViewController.h */ = {isa = PBXFileReference; lastKnownFileType = sourcecode.c.h; path = BaseViewController.h; sourceTree = "<group>"; };
		4CB610D41FBC7AEA00E69C6E /* BaseViewController.m */ = {isa = PBXFileReference; lastKnownFileType = sourcecode.c.objc; path = BaseViewController.m; sourceTree = "<group>"; };
		4CB610D71FBC892E00E69C6E /* PrefixHeader.pch */ = {isa = PBXFileReference; lastKnownFileType = sourcecode.c.h; path = PrefixHeader.pch; sourceTree = "<group>"; };
		4CB610D81FBC8A9100E69C6E /* KegelViewController.h */ = {isa = PBXFileReference; lastKnownFileType = sourcecode.c.h; path = KegelViewController.h; sourceTree = "<group>"; };
		4CB610D91FBC8A9100E69C6E /* KegelViewController.m */ = {isa = PBXFileReference; lastKnownFileType = sourcecode.c.objc; path = KegelViewController.m; sourceTree = "<group>"; };
		4CB610DE1FBC8BC000E69C6E /* CustomBar.h */ = {isa = PBXFileReference; fileEncoding = 4; lastKnownFileType = sourcecode.c.h; path = CustomBar.h; sourceTree = "<group>"; };
		4CB610DF1FBC8BC000E69C6E /* CustomBar.m */ = {isa = PBXFileReference; fileEncoding = 4; lastKnownFileType = sourcecode.c.objc; path = CustomBar.m; sourceTree = "<group>"; };
		4CB610E01FBC8BC000E69C6E /* CustomTabBar.h */ = {isa = PBXFileReference; fileEncoding = 4; lastKnownFileType = sourcecode.c.h; path = CustomTabBar.h; sourceTree = "<group>"; };
		4CB610E11FBC8BC000E69C6E /* CustomTabBar.m */ = {isa = PBXFileReference; fileEncoding = 4; lastKnownFileType = sourcecode.c.objc; path = CustomTabBar.m; sourceTree = "<group>"; };
		4CB610E21FBC8BC000E69C6E /* JHTickerView.h */ = {isa = PBXFileReference; fileEncoding = 4; lastKnownFileType = sourcecode.c.h; path = JHTickerView.h; sourceTree = "<group>"; };
		4CB610E31FBC8BC000E69C6E /* JHTickerView.m */ = {isa = PBXFileReference; fileEncoding = 4; lastKnownFileType = sourcecode.c.objc; path = JHTickerView.m; sourceTree = "<group>"; };
		4CB610E81FBC8CC300E69C6E /* SDiPhoneVersion.h */ = {isa = PBXFileReference; fileEncoding = 4; lastKnownFileType = sourcecode.c.h; path = SDiPhoneVersion.h; sourceTree = "<group>"; };
		4CB610E91FBC8CC300E69C6E /* SDiPhoneVersion.m */ = {isa = PBXFileReference; fileEncoding = 4; lastKnownFileType = sourcecode.c.objc; path = SDiPhoneVersion.m; sourceTree = "<group>"; };
		4CB610EF1FBC8E4B00E69C6E /* NSString+PKBSize.m */ = {isa = PBXFileReference; fileEncoding = 4; lastKnownFileType = sourcecode.c.objc; path = "NSString+PKBSize.m"; sourceTree = "<group>"; };
		4CB610F01FBC8E4B00E69C6E /* NSString+PKBSize.h */ = {isa = PBXFileReference; fileEncoding = 4; lastKnownFileType = sourcecode.c.h; path = "NSString+PKBSize.h"; sourceTree = "<group>"; };
		4CB610F21FBC903C00E69C6E /* NDNavigationController.m */ = {isa = PBXFileReference; fileEncoding = 4; lastKnownFileType = sourcecode.c.objc; path = NDNavigationController.m; sourceTree = "<group>"; };
		4CB610F31FBC903C00E69C6E /* NDNavigationController.h */ = {isa = PBXFileReference; fileEncoding = 4; lastKnownFileType = sourcecode.c.h; path = NDNavigationController.h; sourceTree = "<group>"; };
/* End PBXFileReference section */

/* Begin PBXFrameworksBuildPhase section */
		4CB610A11FBC768F00E69C6E /* Frameworks */ = {
			isa = PBXFrameworksBuildPhase;
			buildActionMask = 2147483647;
			files = (
			);
			runOnlyForDeploymentPostprocessing = 0;
		};
/* End PBXFrameworksBuildPhase section */

/* Begin PBXGroup section */
		4C59DCD21FC134A00072BEFD /* BLE */ = {
			isa = PBXGroup;
			children = (
				4C59DCD31FC134A00072BEFD /* BabyBlueTooth */,
				4C59DCE61FC134A00072BEFD /* NDIstrment */,
				4C59DCED1FC134A00072BEFD /* single */,
			);
			path = BLE;
			sourceTree = "<group>";
		};
		4C59DCD31FC134A00072BEFD /* BabyBlueTooth */ = {
			isa = PBXGroup;
			children = (
				4C59DCD41FC134A00072BEFD /* BabyBluetooth.h */,
				4C59DCD51FC134A00072BEFD /* BabyBluetooth.m */,
				4C59DCD61FC134A00072BEFD /* BabyCallback.h */,
				4C59DCD71FC134A00072BEFD /* BabyCallback.m */,
				4C59DCD81FC134A00072BEFD /* BabyCentralManager.h */,
				4C59DCD91FC134A00072BEFD /* BabyCentralManager.m */,
				4C59DCDA1FC134A00072BEFD /* BabyDefine.h */,
				4C59DCDB1FC134A00072BEFD /* BabyDefine.m */,
				4C59DCDC1FC134A00072BEFD /* BabyOptions.h */,
				4C59DCDD1FC134A00072BEFD /* BabyOptions.m */,
				4C59DCDE1FC134A00072BEFD /* BabyPeripheralManager.h */,
				4C59DCDF1FC134A00072BEFD /* BabyPeripheralManager.m */,
				4C59DCE01FC134A00072BEFD /* BabyRhythm.h */,
				4C59DCE11FC134A00072BEFD /* BabyRhythm.m */,
				4C59DCE21FC134A00072BEFD /* BabySpeaker.h */,
				4C59DCE31FC134A00072BEFD /* BabySpeaker.m */,
				4C59DCE41FC134A00072BEFD /* BabyToy.h */,
				4C59DCE51FC134A00072BEFD /* BabyToy.m */,
			);
			path = BabyBlueTooth;
			sourceTree = "<group>";
		};
		4C59DCE61FC134A00072BEFD /* NDIstrment */ = {
			isa = PBXGroup;
			children = (
				4C59DCE71FC134A00072BEFD /* BLeHelper.h */,
				4C59DCE81FC134A00072BEFD /* BLeHelper.m */,
				4C59DCE91FC134A00072BEFD /* NDInstrment.h */,
				4C59DCEA1FC134A00072BEFD /* NDInstrment.m */,
				4C59DCEB1FC134A00072BEFD /* number.h */,
				4C59DCEC1FC134A00072BEFD /* number.m */,
			);
			path = NDIstrment;
			sourceTree = "<group>";
		};
		4C59DCED1FC134A00072BEFD /* single */ = {
			isa = PBXGroup;
			children = (
				4C59DCEE1FC134A00072BEFD /* BLEManager.h */,
				4C59DCEF1FC134A00072BEFD /* BLEManager.m */,
			);
			path = single;
			sourceTree = "<group>";
		};
		4CB6109B1FBC768F00E69C6E = {
			isa = PBXGroup;
			children = (
				4CB610A61FBC768F00E69C6E /* NDInstrument */,
				4CB610A51FBC768F00E69C6E /* Products */,
			);
			sourceTree = "<group>";
		};
		4CB610A51FBC768F00E69C6E /* Products */ = {
			isa = PBXGroup;
			children = (
				4CB610A41FBC768F00E69C6E /* NDInstrument.app */,
			);
			name = Products;
			sourceTree = "<group>";
		};
		4CB610A61FBC768F00E69C6E /* NDInstrument */ = {
			isa = PBXGroup;
			children = (
				4CB610A71FBC768F00E69C6E /* AppDelegate.h */,
				4CB610A81FBC768F00E69C6E /* AppDelegate.m */,
				4CB610BD1FBC7A3100E69C6E /* Common */,
				4CB610C11FBC7A3D00E69C6E /* ThirdSDK */,
				4CB610C21FBC7A4C00E69C6E /* Classes */,
				4CB610B01FBC768F00E69C6E /* Assets.xcassets */,
				4CB610B21FBC768F00E69C6E /* LaunchScreen.storyboard */,
				4CB610B51FBC768F00E69C6E /* Info.plist */,
				4CB610B61FBC768F00E69C6E /* main.m */,
				4CB610D71FBC892E00E69C6E /* PrefixHeader.pch */,
			);
			path = NDInstrument;
			sourceTree = "<group>";
		};
		4CB610BD1FBC7A3100E69C6E /* Common */ = {
			isa = PBXGroup;
			children = (
				4C59DCD21FC134A00072BEFD /* BLE */,
				4CB610E71FBC8CC300E69C6E /* iPhoneDevice */,
				4CB610DD1FBC8BC000E69C6E /* CustomBar */,
				4CB610BE1FBC7A3100E69C6E /* Category */,
				4CB610BF1FBC7A3100E69C6E /* SingleClass */,
				4CB610C01FBC7A3100E69C6E /* SuperClass */,
			);
			path = Common;
			sourceTree = "<group>";
		};
		4CB610BE1FBC7A3100E69C6E /* Category */ = {
			isa = PBXGroup;
			children = (
				4C59DD001FC16A6F0072BEFD /* NSString+Toast.h */,
				4C59DD011FC16A6F0072BEFD /* NSString+Toast.m */,
				4CB610F01FBC8E4B00E69C6E /* NSString+PKBSize.h */,
				4CB610EF1FBC8E4B00E69C6E /* NSString+PKBSize.m */,
				4C59DC951FC117640072BEFD /* UIView+UIViewAddition.h */,
				4C59DC961FC117640072BEFD /* UIView+UIViewAddition.m */,
				4C59DC981FC117FB0072BEFD /* UIColor+Hex.h */,
				4C59DC991FC117FC0072BEFD /* UIColor+Hex.m */,
			);
			path = Category;
			sourceTree = "<group>";
		};
		4CB610BF1FBC7A3100E69C6E /* SingleClass */ = {
			isa = PBXGroup;
			children = (
			);
			path = SingleClass;
			sourceTree = "<group>";
		};
		4CB610C01FBC7A3100E69C6E /* SuperClass */ = {
			isa = PBXGroup;
			children = (
				4CB610D31FBC7AEA00E69C6E /* BaseViewController.h */,
				4CB610D41FBC7AEA00E69C6E /* BaseViewController.m */,
				4CB610F31FBC903C00E69C6E /* NDNavigationController.h */,
				4CB610F21FBC903C00E69C6E /* NDNavigationController.m */,
			);
			path = SuperClass;
			sourceTree = "<group>";
		};
		4CB610C11FBC7A3D00E69C6E /* ThirdSDK */ = {
			isa = PBXGroup;
			children = (
			);
			path = ThirdSDK;
			sourceTree = "<group>";
		};
		4CB610C21FBC7A4C00E69C6E /* Classes */ = {
			isa = PBXGroup;
			children = (
				4CB610AA1FBC768F00E69C6E /* HomeViewController.h */,
				4CB610AB1FBC768F00E69C6E /* HomeViewController.m */,
				4CB610C31FBC7A4C00E69C6E /* Bluetooth */,
				4CB610C71FBC7A4C00E69C6E /* JinZhi */,
				4CB610CB1FBC7A4C00E69C6E /* Kegel */,
				4CB610CF1FBC7A4C00E69C6E /* NeiDiao */,
				4C7A06401FBFCE6C00D85D1D /* ClassSelectedViewController.h */,
				4C7A06411FBFCE6C00D85D1D /* ClassSelectedViewController.m */,
				4C7A06421FBFCE6C00D85D1D /* ClassSelectedViewController.xib */,
			);
			path = Classes;
			sourceTree = "<group>";
		};
		4CB610C31FBC7A4C00E69C6E /* Bluetooth */ = {
			isa = PBXGroup;
			children = (
				4CB610C41FBC7A4C00E69C6E /* controller */,
				4CB610C51FBC7A4C00E69C6E /* model */,
				4CB610C61FBC7A4C00E69C6E /* view */,
			);
			path = Bluetooth;
			sourceTree = "<group>";
		};
		4CB610C41FBC7A4C00E69C6E /* controller */ = {
			isa = PBXGroup;
			children = (
				4C7A06B41FC0393100D85D1D /* SearchBluetoothViewController.h */,
				4C7A06B21FC0393000D85D1D /* SearchBluetoothViewController.m */,
				4C7A06B31FC0393000D85D1D /* SearchBluetoothViewController.xib */,
				4C7A063B1FBFCAE000D85D1D /* BluetoothListViewController.h */,
				4C7A063C1FBFCAE000D85D1D /* BluetoothListViewController.m */,
				4C7A063D1FBFCAE000D85D1D /* BluetoothListViewController.xib */,
			);
			path = controller;
			sourceTree = "<group>";
		};
		4CB610C51FBC7A4C00E69C6E /* model */ = {
			isa = PBXGroup;
			children = (
			);
			path = model;
			sourceTree = "<group>";
		};
		4CB610C61FBC7A4C00E69C6E /* view */ = {
			isa = PBXGroup;
			children = (
			);
			path = view;
			sourceTree = "<group>";
		};
		4CB610C71FBC7A4C00E69C6E /* JinZhi */ = {
			isa = PBXGroup;
			children = (
				4CB610C81FBC7A4C00E69C6E /* controller */,
				4CB610C91FBC7A4C00E69C6E /* model */,
				4CB610CA1FBC7A4C00E69C6E /* view */,
				4C7A06271FBFCA6000D85D1D /* JinZhiViewController.h */,
				4C7A06281FBFCA6000D85D1D /* JinZhiViewController.m */,
				4C7A06291FBFCA6000D85D1D /* JinZhiViewController.xib */,
			);
			path = JinZhi;
			sourceTree = "<group>";
		};
		4CB610C81FBC7A4C00E69C6E /* controller */ = {
			isa = PBXGroup;
			children = (
				4C7A064F1FBFDD7800D85D1D /* EvaluteResultViewController.h */,
				4C7A06501FBFDD7800D85D1D /* EvaluteResultViewController.m */,
				4C7A06511FBFDD7800D85D1D /* EvaluteResultViewController.xib */,
			);
			path = controller;
			sourceTree = "<group>";
		};
		4CB610C91FBC7A4C00E69C6E /* model */ = {
			isa = PBXGroup;
			children = (
			);
			path = model;
			sourceTree = "<group>";
		};
		4CB610CA1FBC7A4C00E69C6E /* view */ = {
			isa = PBXGroup;
			children = (
				4C59DC921FC1145F0072BEFD /* JinZhiChartView.h */,
				4C59DC931FC1145F0072BEFD /* JinZhiChartView.m */,
			);
			path = view;
			sourceTree = "<group>";
		};
		4CB610CB1FBC7A4C00E69C6E /* Kegel */ = {
			isa = PBXGroup;
			children = (
				4CB610CC1FBC7A4C00E69C6E /* controller */,
				4CB610CD1FBC7A4C00E69C6E /* model */,
				4CB610CE1FBC7A4C00E69C6E /* view */,
				4CB610D81FBC8A9100E69C6E /* KegelViewController.h */,
				4CB610D91FBC8A9100E69C6E /* KegelViewController.m */,
			);
			path = Kegel;
			sourceTree = "<group>";
		};
		4CB610CC1FBC7A4C00E69C6E /* controller */ = {
			isa = PBXGroup;
			children = (
				4C7A06451FBFDD1A00D85D1D /* KegelClassViewController.h */,
				4C7A06461FBFDD1A00D85D1D /* KegelClassViewController.m */,
				4C7A06471FBFDD1A00D85D1D /* KegelClassViewController.xib */,
			);
			path = controller;
			sourceTree = "<group>";
		};
		4CB610CD1FBC7A4C00E69C6E /* model */ = {
			isa = PBXGroup;
			children = (
			);
			path = model;
			sourceTree = "<group>";
		};
		4CB610CE1FBC7A4C00E69C6E /* view */ = {
			isa = PBXGroup;
			children = (
				4C7A06541FC00B7900D85D1D /* HXCardSwitchView.h */,
				4C7A06551FC00B7900D85D1D /* HXCardSwitchView.m */,
			);
			path = view;
			sourceTree = "<group>";
		};
		4CB610CF1FBC7A4C00E69C6E /* NeiDiao */ = {
			isa = PBXGroup;
			children = (
				4C59DC9C1FC12E400072BEFD /* NeiDiaoViewController.h */,
				4C59DC9D1FC12E400072BEFD /* NeiDiaoViewController.m */,
				4C59DC9B1FC12E400072BEFD /* NeiDiaoViewController.xib */,
				4CB610D01FBC7A4C00E69C6E /* controller */,
				4CB610D11FBC7A4C00E69C6E /* model */,
				4CB610D21FBC7A4C00E69C6E /* view */,
			);
			path = NeiDiao;
			sourceTree = "<group>";
		};
		4CB610D01FBC7A4C00E69C6E /* controller */ = {
			isa = PBXGroup;
			children = (
				4C59DCA11FC12E690072BEFD /* NeiDiaoClassViewController.h */,
				4C59DCA21FC12E6A0072BEFD /* NeiDiaoClassViewController.m */,
				4C59DCA01FC12E690072BEFD /* NeiDiaoClassViewController.xib */,
			);
			path = controller;
			sourceTree = "<group>";
		};
		4CB610D11FBC7A4C00E69C6E /* model */ = {
			isa = PBXGroup;
			children = (
			);
			path = model;
			sourceTree = "<group>";
		};
		4CB610D21FBC7A4C00E69C6E /* view */ = {
			isa = PBXGroup;
			children = (
			);
			path = view;
			sourceTree = "<group>";
		};
		4CB610DD1FBC8BC000E69C6E /* CustomBar */ = {
			isa = PBXGroup;
			children = (
				4CB610DE1FBC8BC000E69C6E /* CustomBar.h */,
				4CB610DF1FBC8BC000E69C6E /* CustomBar.m */,
				4CB610E01FBC8BC000E69C6E /* CustomTabBar.h */,
				4CB610E11FBC8BC000E69C6E /* CustomTabBar.m */,
				4CB610E21FBC8BC000E69C6E /* JHTickerView.h */,
				4CB610E31FBC8BC000E69C6E /* JHTickerView.m */,
			);
			path = CustomBar;
			sourceTree = "<group>";
		};
		4CB610E71FBC8CC300E69C6E /* iPhoneDevice */ = {
			isa = PBXGroup;
			children = (
				4CB610E81FBC8CC300E69C6E /* SDiPhoneVersion.h */,
				4CB610E91FBC8CC300E69C6E /* SDiPhoneVersion.m */,
			);
			path = iPhoneDevice;
			sourceTree = "<group>";
		};
/* End PBXGroup section */

/* Begin PBXNativeTarget section */
		4CB610A31FBC768F00E69C6E /* NDInstrument */ = {
			isa = PBXNativeTarget;
			buildConfigurationList = 4CB610BA1FBC768F00E69C6E /* Build configuration list for PBXNativeTarget "NDInstrument" */;
			buildPhases = (
				4CB610A01FBC768F00E69C6E /* Sources */,
				4CB610A11FBC768F00E69C6E /* Frameworks */,
				4CB610A21FBC768F00E69C6E /* Resources */,
			);
			buildRules = (
			);
			dependencies = (
			);
			name = NDInstrument;
			productName = NDInstrument;
			productReference = 4CB610A41FBC768F00E69C6E /* NDInstrument.app */;
			productType = "com.apple.product-type.application";
		};
/* End PBXNativeTarget section */

/* Begin PBXProject section */
		4CB6109C1FBC768F00E69C6E /* Project object */ = {
			isa = PBXProject;
			attributes = {
				LastUpgradeCheck = 0910;
				ORGANIZATIONNAME = miss;
				TargetAttributes = {
					4CB610A31FBC768F00E69C6E = {
						CreatedOnToolsVersion = 9.1;
						ProvisioningStyle = Manual;
					};
				};
			};
			buildConfigurationList = 4CB6109F1FBC768F00E69C6E /* Build configuration list for PBXProject "NDInstrument" */;
			compatibilityVersion = "Xcode 8.0";
			developmentRegion = en;
			hasScannedForEncodings = 0;
			knownRegions = (
				en,
				Base,
			);
			mainGroup = 4CB6109B1FBC768F00E69C6E;
			productRefGroup = 4CB610A51FBC768F00E69C6E /* Products */;
			projectDirPath = "";
			projectRoot = "";
			targets = (
				4CB610A31FBC768F00E69C6E /* NDInstrument */,
			);
		};
/* End PBXProject section */

/* Begin PBXResourcesBuildPhase section */
		4CB610A21FBC768F00E69C6E /* Resources */ = {
			isa = PBXResourcesBuildPhase;
			buildActionMask = 2147483647;
			files = (
				4C7A062B1FBFCA6000D85D1D /* JinZhiViewController.xib in Resources */,
				4CB610B41FBC768F00E69C6E /* LaunchScreen.storyboard in Resources */,
				4C7A06491FBFDD1A00D85D1D /* KegelClassViewController.xib in Resources */,
				4C7A063F1FBFCAE000D85D1D /* BluetoothListViewController.xib in Resources */,
				4C59DC9E1FC12E410072BEFD /* NeiDiaoViewController.xib in Resources */,
				4CB610B11FBC768F00E69C6E /* Assets.xcassets in Resources */,
				4C7A06B61FC0393100D85D1D /* SearchBluetoothViewController.xib in Resources */,
				4C59DCA31FC12E6A0072BEFD /* NeiDiaoClassViewController.xib in Resources */,
				4C7A06441FBFCE6C00D85D1D /* ClassSelectedViewController.xib in Resources */,
				4C7A06531FBFDD7800D85D1D /* EvaluteResultViewController.xib in Resources */,
			);
			runOnlyForDeploymentPostprocessing = 0;
		};
/* End PBXResourcesBuildPhase section */

/* Begin PBXSourcesBuildPhase section */
		4CB610A01FBC768F00E69C6E /* Sources */ = {
			isa = PBXSourcesBuildPhase;
			buildActionMask = 2147483647;
			files = (
				4CB610E61FBC8BC000E69C6E /* JHTickerView.m in Sources */,
				4C59DCF61FC134A10072BEFD /* BabyRhythm.m in Sources */,
				4CB610AC1FBC768F00E69C6E /* HomeViewController.m in Sources */,
				4C59DCF41FC134A10072BEFD /* BabyOptions.m in Sources */,
				4C7A06521FBFDD7800D85D1D /* EvaluteResultViewController.m in Sources */,
				4C59DC971FC117640072BEFD /* UIView+UIViewAddition.m in Sources */,
				4C59DD021FC16A6F0072BEFD /* NSString+Toast.m in Sources */,
				4CB610D51FBC7AEA00E69C6E /* BaseViewController.m in Sources */,
				4CB610B71FBC768F00E69C6E /* main.m in Sources */,
				4C59DCF91FC134A10072BEFD /* BLeHelper.m in Sources */,
				4C59DCF01FC134A10072BEFD /* BabyBluetooth.m in Sources */,
				4C59DC9F1FC12E410072BEFD /* NeiDiaoViewController.m in Sources */,
				4CB610DB1FBC8A9100E69C6E /* KegelViewController.m in Sources */,
				4C59DCF21FC134A10072BEFD /* BabyCentralManager.m in Sources */,
				4C59DC9A1FC117FC0072BEFD /* UIColor+Hex.m in Sources */,
				4C7A06431FBFCE6C00D85D1D /* ClassSelectedViewController.m in Sources */,
				4CB610F41FBC903C00E69C6E /* NDNavigationController.m in Sources */,
				4C59DCA41FC12E6A0072BEFD /* NeiDiaoClassViewController.m in Sources */,
				4C59DCF11FC134A10072BEFD /* BabyCallback.m in Sources */,
				4CB610F11FBC8E4B00E69C6E /* NSString+PKBSize.m in Sources */,
				4CB610E41FBC8BC000E69C6E /* CustomBar.m in Sources */,
				4C7A063E1FBFCAE000D85D1D /* BluetoothListViewController.m in Sources */,
				4C7A062A1FBFCA6000D85D1D /* JinZhiViewController.m in Sources */,
				4CB610E51FBC8BC000E69C6E /* CustomTabBar.m in Sources */,
				4C59DCF71FC134A10072BEFD /* BabySpeaker.m in Sources */,
				4CB610A91FBC768F00E69C6E /* AppDelegate.m in Sources */,
				4C59DCF31FC134A10072BEFD /* BabyDefine.m in Sources */,
				4C59DCF51FC134A10072BEFD /* BabyPeripheralManager.m in Sources */,
				4C7A06561FC00B7900D85D1D /* HXCardSwitchView.m in Sources */,
				4C59DCFB1FC134A10072BEFD /* number.m in Sources */,
				4C59DCFC1FC134A10072BEFD /* BLEManager.m in Sources */,
				4C59DCFA1FC134A10072BEFD /* NDInstrment.m in Sources */,
				4C59DC941FC1145F0072BEFD /* JinZhiChartView.m in Sources */,
				4C7A06B51FC0393100D85D1D /* SearchBluetoothViewController.m in Sources */,
				4CB610EA1FBC8CC400E69C6E /* SDiPhoneVersion.m in Sources */,
				4C59DCF81FC134A10072BEFD /* BabyToy.m in Sources */,
				4C7A06481FBFDD1A00D85D1D /* KegelClassViewController.m in Sources */,
			);
			runOnlyForDeploymentPostprocessing = 0;
		};
/* End PBXSourcesBuildPhase section */

/* Begin PBXVariantGroup section */
		4CB610B21FBC768F00E69C6E /* LaunchScreen.storyboard */ = {
			isa = PBXVariantGroup;
			children = (
				4CB610B31FBC768F00E69C6E /* Base */,
			);
			name = LaunchScreen.storyboard;
			sourceTree = "<group>";
		};
/* End PBXVariantGroup section */

/* Begin XCBuildConfiguration section */
		4CB610B81FBC768F00E69C6E /* Debug */ = {
			isa = XCBuildConfiguration;
			buildSettings = {
				ALWAYS_SEARCH_USER_PATHS = NO;
				CLANG_ANALYZER_NONNULL = YES;
				CLANG_ANALYZER_NUMBER_OBJECT_CONVERSION = YES_AGGRESSIVE;
				CLANG_CXX_LANGUAGE_STANDARD = "gnu++14";
				CLANG_CXX_LIBRARY = "libc++";
				CLANG_ENABLE_MODULES = YES;
				CLANG_ENABLE_OBJC_ARC = YES;
				CLANG_WARN_BLOCK_CAPTURE_AUTORELEASING = YES;
				CLANG_WARN_BOOL_CONVERSION = YES;
				CLANG_WARN_COMMA = YES;
				CLANG_WARN_CONSTANT_CONVERSION = YES;
				CLANG_WARN_DIRECT_OBJC_ISA_USAGE = YES_ERROR;
				CLANG_WARN_DOCUMENTATION_COMMENTS = YES;
				CLANG_WARN_EMPTY_BODY = YES;
				CLANG_WARN_ENUM_CONVERSION = YES;
				CLANG_WARN_INFINITE_RECURSION = YES;
				CLANG_WARN_INT_CONVERSION = YES;
				CLANG_WARN_NON_LITERAL_NULL_CONVERSION = YES;
				CLANG_WARN_OBJC_LITERAL_CONVERSION = YES;
				CLANG_WARN_OBJC_ROOT_CLASS = YES_ERROR;
				CLANG_WARN_RANGE_LOOP_ANALYSIS = YES;
				CLANG_WARN_STRICT_PROTOTYPES = YES;
				CLANG_WARN_SUSPICIOUS_MOVE = YES;
				CLANG_WARN_UNGUARDED_AVAILABILITY = YES_AGGRESSIVE;
				CLANG_WARN_UNREACHABLE_CODE = YES;
				CLANG_WARN__DUPLICATE_METHOD_MATCH = YES;
				CODE_SIGN_IDENTITY = "iPhone Developer";
				COPY_PHASE_STRIP = NO;
				DEBUG_INFORMATION_FORMAT = dwarf;
				ENABLE_STRICT_OBJC_MSGSEND = YES;
				ENABLE_TESTABILITY = YES;
				GCC_C_LANGUAGE_STANDARD = gnu11;
				GCC_DYNAMIC_NO_PIC = NO;
				GCC_NO_COMMON_BLOCKS = YES;
				GCC_OPTIMIZATION_LEVEL = 0;
				GCC_PREPROCESSOR_DEFINITIONS = (
					"DEBUG=1",
					"$(inherited)",
				);
				GCC_WARN_64_TO_32_BIT_CONVERSION = YES;
				GCC_WARN_ABOUT_RETURN_TYPE = YES_ERROR;
				GCC_WARN_UNDECLARED_SELECTOR = YES;
				GCC_WARN_UNINITIALIZED_AUTOS = YES_AGGRESSIVE;
				GCC_WARN_UNUSED_FUNCTION = YES;
				GCC_WARN_UNUSED_VARIABLE = YES;
				IPHONEOS_DEPLOYMENT_TARGET = 11.1;
				MTL_ENABLE_DEBUG_INFO = YES;
				ONLY_ACTIVE_ARCH = YES;
				SDKROOT = iphoneos;
			};
			name = Debug;
		};
		4CB610B91FBC768F00E69C6E /* Release */ = {
			isa = XCBuildConfiguration;
			buildSettings = {
				ALWAYS_SEARCH_USER_PATHS = NO;
				CLANG_ANALYZER_NONNULL = YES;
				CLANG_ANALYZER_NUMBER_OBJECT_CONVERSION = YES_AGGRESSIVE;
				CLANG_CXX_LANGUAGE_STANDARD = "gnu++14";
				CLANG_CXX_LIBRARY = "libc++";
				CLANG_ENABLE_MODULES = YES;
				CLANG_ENABLE_OBJC_ARC = YES;
				CLANG_WARN_BLOCK_CAPTURE_AUTORELEASING = YES;
				CLANG_WARN_BOOL_CONVERSION = YES;
				CLANG_WARN_COMMA = YES;
				CLANG_WARN_CONSTANT_CONVERSION = YES;
				CLANG_WARN_DIRECT_OBJC_ISA_USAGE = YES_ERROR;
				CLANG_WARN_DOCUMENTATION_COMMENTS = YES;
				CLANG_WARN_EMPTY_BODY = YES;
				CLANG_WARN_ENUM_CONVERSION = YES;
				CLANG_WARN_INFINITE_RECURSION = YES;
				CLANG_WARN_INT_CONVERSION = YES;
				CLANG_WARN_NON_LITERAL_NULL_CONVERSION = YES;
				CLANG_WARN_OBJC_LITERAL_CONVERSION = YES;
				CLANG_WARN_OBJC_ROOT_CLASS = YES_ERROR;
				CLANG_WARN_RANGE_LOOP_ANALYSIS = YES;
				CLANG_WARN_STRICT_PROTOTYPES = YES;
				CLANG_WARN_SUSPICIOUS_MOVE = YES;
				CLANG_WARN_UNGUARDED_AVAILABILITY = YES_AGGRESSIVE;
				CLANG_WARN_UNREACHABLE_CODE = YES;
				CLANG_WARN__DUPLICATE_METHOD_MATCH = YES;
				CODE_SIGN_IDENTITY = "iPhone Developer";
				COPY_PHASE_STRIP = NO;
				DEBUG_INFORMATION_FORMAT = "dwarf-with-dsym";
				ENABLE_NS_ASSERTIONS = NO;
				ENABLE_STRICT_OBJC_MSGSEND = YES;
				GCC_C_LANGUAGE_STANDARD = gnu11;
				GCC_NO_COMMON_BLOCKS = YES;
				GCC_WARN_64_TO_32_BIT_CONVERSION = YES;
				GCC_WARN_ABOUT_RETURN_TYPE = YES_ERROR;
				GCC_WARN_UNDECLARED_SELECTOR = YES;
				GCC_WARN_UNINITIALIZED_AUTOS = YES_AGGRESSIVE;
				GCC_WARN_UNUSED_FUNCTION = YES;
				GCC_WARN_UNUSED_VARIABLE = YES;
				IPHONEOS_DEPLOYMENT_TARGET = 11.1;
				MTL_ENABLE_DEBUG_INFO = NO;
				SDKROOT = iphoneos;
				VALIDATE_PRODUCT = YES;
			};
			name = Release;
		};
		4CB610BB1FBC768F00E69C6E /* Debug */ = {
			isa = XCBuildConfiguration;
			buildSettings = {
				ASSETCATALOG_COMPILER_APPICON_NAME = AppIcon;
				CODE_SIGN_STYLE = Manual;
				DEVELOPMENT_TEAM = C7U5N4698Q;
				GCC_PRECOMPILE_PREFIX_HEADER = YES;
				GCC_PREFIX_HEADER = NDInstrument/PrefixHeader.pch;
				INFOPLIST_FILE = NDInstrument/Info.plist;
				IPHONEOS_DEPLOYMENT_TARGET = 9.0;
				LD_RUNPATH_SEARCH_PATHS = "$(inherited) @executable_path/Frameworks";
				PRODUCT_BUNDLE_IDENTIFIER = com.ndy..NDInstrument;
				PRODUCT_NAME = "$(TARGET_NAME)";
				PROVISIONING_PROFILE = "0638eebb-d62e-442a-8c01-c206f1ebcbe5";
				PROVISIONING_PROFILE_SPECIFIER = EcarayDebug;
				TARGETED_DEVICE_FAMILY = "1,2";
			};
			name = Debug;
		};
		4CB610BC1FBC768F00E69C6E /* Release */ = {
			isa = XCBuildConfiguration;
			buildSettings = {
				ASSETCATALOG_COMPILER_APPICON_NAME = AppIcon;
				CODE_SIGN_STYLE = Manual;
				DEVELOPMENT_TEAM = "";
				GCC_PRECOMPILE_PREFIX_HEADER = YES;
				GCC_PREFIX_HEADER = NDInstrument/PrefixHeader.pch;
				INFOPLIST_FILE = NDInstrument/Info.plist;
				IPHONEOS_DEPLOYMENT_TARGET = 9.0;
				LD_RUNPATH_SEARCH_PATHS = "$(inherited) @executable_path/Frameworks";
				PRODUCT_BUNDLE_IDENTIFIER = com.ndy..NDInstrument;
				PRODUCT_NAME = "$(TARGET_NAME)";
				PROVISIONING_PROFILE_SPECIFIER = "";
				TARGETED_DEVICE_FAMILY = "1,2";
			};
			name = Release;
		};
/* End XCBuildConfiguration section */

/* Begin XCConfigurationList section */
		4CB6109F1FBC768F00E69C6E /* Build configuration list for PBXProject "NDInstrument" */ = {
			isa = XCConfigurationList;
			buildConfigurations = (
				4CB610B81FBC768F00E69C6E /* Debug */,
				4CB610B91FBC768F00E69C6E /* Release */,
			);
			defaultConfigurationIsVisible = 0;
			defaultConfigurationName = Release;
		};
		4CB610BA1FBC768F00E69C6E /* Build configuration list for PBXNativeTarget "NDInstrument" */ = {
			isa = XCConfigurationList;
			buildConfigurations = (
				4CB610BB1FBC768F00E69C6E /* Debug */,
				4CB610BC1FBC768F00E69C6E /* Release */,
			);
			defaultConfigurationIsVisible = 0;
			defaultConfigurationName = Release;
		};
/* End XCConfigurationList section */
	};
	rootObject = 4CB6109C1FBC768F00E69C6E /* Project object */;
}
